
Microsoft Visual Studio Solution File, Format Version 12.00
# Visual Studio 15
VisualStudioVersion = 15.0.26124.0
MinimumVisualStudioVersion = 15.0.26124.0
Project("{FAE04EC0-301F-11D3-BF4B-00C04F79EFBC}") = "API", "API\API.csproj", "{6BAB3C93-721C-4700-8CB4-A573EB5AE254}"
EndProject
Project("{FAE04EC0-301F-11D3-BF4B-00C04F79EFBC}") = "DBObject", "DBObject\DBObject.csproj", "{5FF0CC9B-D586-4C4A-824E-6D8C1876938A}"
EndProject
Project("{FAE04EC0-301F-11D3-BF4B-00C04F79EFBC}") = "serve", "serve\serve.csproj", "{168A56FC-19F0-4940-BE36-E8130F11DDE1}"
EndProject
Project("{FAE04EC0-301F-11D3-BF4B-00C04F79EFBC}") = "SQLLinq", "SQLLinq\SQLLinq.csproj", "{82783343-CD42-477A-BB4C-E29E5B820F39}"
EndProject
Global
	GlobalSection(SolutionConfigurationPlatforms) = preSolution
		Debug|Any CPU = Debug|Any CPU
		Debug|x64 = Debug|x64
		Debug|x86 = Debug|x86
		Release|Any CPU = Release|Any CPU
		Release|x64 = Release|x64
		Release|x86 = Release|x86
	EndGlobalSection
	GlobalSection(SolutionProperties) = preSolution
		HideSolutionNode = FALSE
	EndGlobalSection
	GlobalSection(ProjectConfigurationPlatforms) = postSolution
		{6BAB3C93-721C-4700-8CB4-A573EB5AE254}.Debug|Any CPU.ActiveCfg = Debug|Any CPU
		{6BAB3C93-721C-4700-8CB4-A573EB5AE254}.Debug|Any CPU.Build.0 = Debug|Any CPU
		{6BAB3C93-721C-4700-8CB4-A573EB5AE254}.Debug|x64.ActiveCfg = Debug|Any CPU
		{6BAB3C93-721C-4700-8CB4-A573EB5AE254}.Debug|x64.Build.0 = Debug|Any CPU
		{6BAB3C93-721C-4700-8CB4-A573EB5AE254}.Debug|x86.ActiveCfg = Debug|Any CPU
		{6BAB3C93-721C-4700-8CB4-A573EB5AE254}.Debug|x86.Build.0 = Debug|Any CPU
		{6BAB3C93-721C-4700-8CB4-A573EB5AE254}.Release|Any CPU.ActiveCfg = Release|Any CPU
		{6BAB3C93-721C-4700-8CB4-A573EB5AE254}.Release|Any CPU.Build.0 = Release|Any CPU
		{6BAB3C93-721C-4700-8CB4-A573EB5AE254}.Release|x64.ActiveCfg = Release|Any CPU
		{6BAB3C93-721C-4700-8CB4-A573EB5AE254}.Release|x64.Build.0 = Release|Any CPU
		{6BAB3C93-721C-4700-8CB4-A573EB5AE254}.Release|x86.ActiveCfg = Release|Any CPU
		{6BAB3C93-721C-4700-8CB4-A573EB5AE254}.Release|x86.Build.0 = Release|Any CPU
		{5FF0CC9B-D586-4C4A-824E-6D8C1876938A}.Debug|Any CPU.ActiveCfg = Debug|Any CPU
		{5FF0CC9B-D586-4C4A-824E-6D8C1876938A}.Debug|Any CPU.Build.0 = Debug|Any CPU
		{5FF0CC9B-D586-4C4A-824E-6D8C1876938A}.Debug|x64.ActiveCfg = Debug|Any CPU
		{5FF0CC9B-D586-4C4A-824E-6D8C1876938A}.Debug|x64.Build.0 = Debug|Any CPU
		{5FF0CC9B-D586-4C4A-824E-6D8C1876938A}.Debug|x86.ActiveCfg = Debug|Any CPU
		{5FF0CC9B-D586-4C4A-824E-6D8C1876938A}.Debug|x86.Build.0 = Debug|Any CPU
		{5FF0CC9B-D586-4C4A-824E-6D8C1876938A}.Release|Any CPU.ActiveCfg = Release|Any CPU
		{5FF0CC9B-D586-4C4A-824E-6D8C1876938A}.Release|Any CPU.Build.0 = Release|Any CPU
		{5FF0CC9B-D586-4C4A-824E-6D8C1876938A}.Release|x64.ActiveCfg = Release|Any CPU
		{5FF0CC9B-D586-4C4A-824E-6D8C1876938A}.Release|x64.Build.0 = Release|Any CPU
		{5FF0CC9B-D586-4C4A-824E-6D8C1876938A}.Release|x86.ActiveCfg = Release|Any CPU
		{5FF0CC9B-D586-4C4A-824E-6D8C1876938A}.Release|x86.Build.0 = Release|Any CPU
		{168A56FC-19F0-4940-BE36-E8130F11DDE1}.Debug|Any CPU.ActiveCfg = Debug|Any CPU
		{168A56FC-19F0-4940-BE36-E8130F11DDE1}.Debug|Any CPU.Build.0 = Debug|Any CPU
		{168A56FC-19F0-4940-BE36-E8130F11DDE1}.Debug|x64.ActiveCfg = Debug|Any CPU
		{168A56FC-19F0-4940-BE36-E8130F11DDE1}.Debug|x64.Build.0 = Debug|Any CPU
		{168A56FC-19F0-4940-BE36-E8130F11DDE1}.Debug|x86.ActiveCfg = Debug|Any CPU
		{168A56FC-19F0-4940-BE36-E8130F11DDE1}.Debug|x86.Build.0 = Debug|Any CPU
		{168A56FC-19F0-4940-BE36-E8130F11DDE1}.Release|Any CPU.ActiveCfg = Release|Any CPU
		{168A56FC-19F0-4940-BE36-E8130F11DDE1}.Release|Any CPU.Build.0 = Release|Any CPU
		{168A56FC-19F0-4940-BE36-E8130F11DDE1}.Release|x64.ActiveCfg = Release|Any CPU
		{168A56FC-19F0-4940-BE36-E8130F11DDE1}.Release|x64.Build.0 = Release|Any CPU
		{168A56FC-19F0-4940-BE36-E8130F11DDE1}.Release|x86.ActiveCfg = Release|Any CPU
		{168A56FC-19F0-4940-BE36-E8130F11DDE1}.Release|x86.Build.0 = Release|Any CPU
		{82783343-CD42-477A-BB4C-E29E5B820F39}.Debug|Any CPU.ActiveCfg = Debug|Any CPU
		{82783343-CD42-477A-BB4C-E29E5B820F39}.Debug|Any CPU.Build.0 = Debug|Any CPU
		{82783343-CD42-477A-BB4C-E29E5B820F39}.Debug|x64.ActiveCfg = Debug|Any CPU
		{82783343-CD42-477A-BB4C-E29E5B820F39}.Debug|x64.Build.0 = Debug|Any CPU
		{82783343-CD42-477A-BB4C-E29E5B820F39}.Debug|x86.ActiveCfg = Debug|Any CPU
		{82783343-CD42-477A-BB4C-E29E5B820F39}.Debug|x86.Build.0 = Debug|Any CPU
		{82783343-CD42-477A-BB4C-E29E5B820F39}.Release|Any CPU.ActiveCfg = Release|Any CPU
		{82783343-CD42-477A-BB4C-E29E5B820F39}.Release|Any CPU.Build.0 = Release|Any CPU
		{82783343-CD42-477A-BB4C-E29E5B820F39}.Release|x64.ActiveCfg = Release|Any CPU
		{82783343-CD42-477A-BB4C-E29E5B820F39}.Release|x64.Build.0 = Release|Any CPU
		{82783343-CD42-477A-BB4C-E29E5B820F39}.Release|x86.ActiveCfg = Release|Any CPU
		{82783343-CD42-477A-BB4C-E29E5B820F39}.Release|x86.Build.0 = Release|Any CPU
	EndGlobalSection
EndGlobal
